PODS:
  - CosmosLoginSDK (1.0.7):
    - CosmosLoginSDK/Optional-UI (= 1.0.7)
    - CosmosLoginSDK/Require (= 1.0.7)
  - CosmosLoginSDK/Optional-UI (1.0.7)
  - CosmosLoginSDK/Require (1.0.7)

DEPENDENCIES:
  - CosmosLoginSDK (from `./`)

EXTERNAL SOURCES:
  CosmosLoginSDK:
    :path: "./"

SPEC CHECKSUMS:
  CosmosLoginSDK: 8e155818ee59ad41a7ae9a3a12903c9f29cc69b5

PODFILE CHECKSUM: 85b912aa778a49e0f50733398d060dbbaf3a29d7

COCOAPODS: 1.10.0
