PODS:
  - CosmosLoginSDK (1.0.2):
    - CosmosLoginSDK/Optional-UI (= 1.0.2)
    - CosmosLoginSDK/Require (= 1.0.2)
  - CosmosLoginSDK/Optional-UI (1.0.2)
  - CosmosLoginSDK/Require (1.0.2)

DEPENDENCIES:
  - CosmosLoginSDK (from `./`)

EXTERNAL SOURCES:
  CosmosLoginSDK:
    :path: "./"

SPEC CHECKSUMS:
  CosmosLoginSDK: bacad275d6989e6a428bd16c3f67b47745ad7558

PODFILE CHECKSUM: 85b912aa778a49e0f50733398d060dbbaf3a29d7

COCOAPODS: 1.10.0
