// !$*UTF8*$!
{
	archiveVersion = 1;
	classes = {
	};
	objectVersion = 51;
	objects = {

/* Begin PBXBuildFile section */
		0F3F156812D23A1E1FC9D9B2 /* Pods_LoginSDK.framework in Frameworks */ = {isa = PBXBuildFile; fileRef = 036AA46BC70CFE04EE445834 /* Pods_LoginSDK.framework */; };
		AC0E4A99FA434A52DA4C0A25 /* Pods_LoginSDKTests.framework in Frameworks */ = {isa = PBXBuildFile; fileRef = 221B8E9565A31DCDF31CD939 /* Pods_LoginSDKTests.framework */; };
		FA0D1C4624519FC2004B3C76 /* EAccountOpenPage.bundle in Resources */ = {isa = PBXBuildFile; fileRef = FA0D1C4524519FC2004B3C76 /* EAccountOpenPage.bundle */; };
		FA2A1D234B0FC839475713AB /* Pods_LoginSDKUITests.framework in Frameworks */ = {isa = PBXBuildFile; fileRef = 55693BA15BCE3EE4BB32A55E /* Pods_LoginSDKUITests.framework */; };
		FA8E13F0239906E00032CB94 /* CosmosRequestMobile.m in Sources */ = {isa = PBXBuildFile; fileRef = FA8E13EF239906E00032CB94 /* CosmosRequestMobile.m */; };
		FAC19C76235DBD430052F2E2 /* AppDelegate.m in Sources */ = {isa = PBXBuildFile; fileRef = FAC19C75235DBD430052F2E2 /* AppDelegate.m */; };
		FAC19C79235DBD430052F2E2 /* SceneDelegate.m in Sources */ = {isa = PBXBuildFile; fileRef = FAC19C78235DBD430052F2E2 /* SceneDelegate.m */; };
		FAC19C7C235DBD430052F2E2 /* ViewController.m in Sources */ = {isa = PBXBuildFile; fileRef = FAC19C7B235DBD430052F2E2 /* ViewController.m */; };
		FAC19C7F235DBD430052F2E2 /* Main.storyboard in Resources */ = {isa = PBXBuildFile; fileRef = FAC19C7D235DBD430052F2E2 /* Main.storyboard */; };
		FAC19C81235DBD440052F2E2 /* Assets.xcassets in Resources */ = {isa = PBXBuildFile; fileRef = FAC19C80235DBD440052F2E2 /* Assets.xcassets */; };
		FAC19C84235DBD440052F2E2 /* LaunchScreen.storyboard in Resources */ = {isa = PBXBuildFile; fileRef = FAC19C82235DBD440052F2E2 /* LaunchScreen.storyboard */; };
		FAC19C87235DBD440052F2E2 /* main.m in Sources */ = {isa = PBXBuildFile; fileRef = FAC19C86235DBD440052F2E2 /* main.m */; };
		FAC19C91235DBD440052F2E2 /* LoginSDKTests.m in Sources */ = {isa = PBXBuildFile; fileRef = FAC19C90235DBD440052F2E2 /* LoginSDKTests.m */; };
		FAC19C9C235DBD440052F2E2 /* LoginSDKUITests.m in Sources */ = {isa = PBXBuildFile; fileRef = FAC19C9B235DBD440052F2E2 /* LoginSDKUITests.m */; };
		FAC19D022366CEF80052F2E2 /* OperatorAdapter.m in Sources */ = {isa = PBXBuildFile; fileRef = FAC19D012366CEF80052F2E2 /* OperatorAdapter.m */; };
		FAC19D112367D6380052F2E2 /* libc++.tbd in Frameworks */ = {isa = PBXBuildFile; fileRef = FAC19D102367D6380052F2E2 /* libc++.tbd */; };
		FAC19D132367D6420052F2E2 /* libz.1.2.8.tbd in Frameworks */ = {isa = PBXBuildFile; fileRef = FAC19D122367D6420052F2E2 /* libz.1.2.8.tbd */; };
		FAE16A4D2389302C00B553C8 /* LoginResultVC.m in Sources */ = {isa = PBXBuildFile; fileRef = FAE16A4C2389302C00B553C8 /* LoginResultVC.m */; };
		FAE16AA5238BDA3C00B553C8 /* UIImage+CosmosExtension.m in Sources */ = {isa = PBXBuildFile; fileRef = FAE16AA4238BDA3B00B553C8 /* UIImage+CosmosExtension.m */; };
		FAE16AA9238BE47700B553C8 /* VerificationVC.m in Sources */ = {isa = PBXBuildFile; fileRef = FAE16AA7238BE47700B553C8 /* VerificationVC.m */; };
		FAE16AAA238BE47700B553C8 /* VerificationVC.xib in Resources */ = {isa = PBXBuildFile; fileRef = FAE16AA8238BE47700B553C8 /* VerificationVC.xib */; };
/* End PBXBuildFile section */

/* Begin PBXContainerItemProxy section */
		FAC19C8D235DBD440052F2E2 /* PBXContainerItemProxy */ = {
			isa = PBXContainerItemProxy;
			containerPortal = FAC19C69235DBD430052F2E2 /* Project object */;
			proxyType = 1;
			remoteGlobalIDString = FAC19C70235DBD430052F2E2;
			remoteInfo = LoginSDK;
		};
		FAC19C98235DBD440052F2E2 /* PBXContainerItemProxy */ = {
			isa = PBXContainerItemProxy;
			containerPortal = FAC19C69235DBD430052F2E2 /* Project object */;
			proxyType = 1;
			remoteGlobalIDString = FAC19C70235DBD430052F2E2;
			remoteInfo = LoginSDK;
		};
/* End PBXContainerItemProxy section */

/* Begin PBXFileReference section */
		036AA46BC70CFE04EE445834 /* Pods_LoginSDK.framework */ = {isa = PBXFileReference; explicitFileType = wrapper.framework; includeInIndex = 0; path = Pods_LoginSDK.framework; sourceTree = BUILT_PRODUCTS_DIR; };
		1800F99A1BE6882BA9D389A1 /* Pods-LoginSDK.release.xcconfig */ = {isa = PBXFileReference; includeInIndex = 1; lastKnownFileType = text.xcconfig; name = "Pods-LoginSDK.release.xcconfig"; path = "Target Support Files/Pods-LoginSDK/Pods-LoginSDK.release.xcconfig"; sourceTree = "<group>"; };
		221B8E9565A31DCDF31CD939 /* Pods_LoginSDKTests.framework */ = {isa = PBXFileReference; explicitFileType = wrapper.framework; includeInIndex = 0; path = Pods_LoginSDKTests.framework; sourceTree = BUILT_PRODUCTS_DIR; };
		55693BA15BCE3EE4BB32A55E /* Pods_LoginSDKUITests.framework */ = {isa = PBXFileReference; explicitFileType = wrapper.framework; includeInIndex = 0; path = Pods_LoginSDKUITests.framework; sourceTree = BUILT_PRODUCTS_DIR; };
		56E1A748528FA9971C748CA2 /* Pods-LoginSDKTests.release.xcconfig */ = {isa = PBXFileReference; includeInIndex = 1; lastKnownFileType = text.xcconfig; name = "Pods-LoginSDKTests.release.xcconfig"; path = "Target Support Files/Pods-LoginSDKTests/Pods-LoginSDKTests.release.xcconfig"; sourceTree = "<group>"; };
		82BBD08C0656FC3D9997A055 /* Pods-LoginSDKUITests.debug.xcconfig */ = {isa = PBXFileReference; includeInIndex = 1; lastKnownFileType = text.xcconfig; name = "Pods-LoginSDKUITests.debug.xcconfig"; path = "Target Support Files/Pods-LoginSDKUITests/Pods-LoginSDKUITests.debug.xcconfig"; sourceTree = "<group>"; };
		927D310C5A8D3DDD2707744C /* Pods-LoginSDKUITests.release.xcconfig */ = {isa = PBXFileReference; includeInIndex = 1; lastKnownFileType = text.xcconfig; name = "Pods-LoginSDKUITests.release.xcconfig"; path = "Target Support Files/Pods-LoginSDKUITests/Pods-LoginSDKUITests.release.xcconfig"; sourceTree = "<group>"; };
		938125FE3A8D54EEA538D47B /* Pods-LoginSDK.debug.xcconfig */ = {isa = PBXFileReference; includeInIndex = 1; lastKnownFileType = text.xcconfig; name = "Pods-LoginSDK.debug.xcconfig"; path = "Target Support Files/Pods-LoginSDK/Pods-LoginSDK.debug.xcconfig"; sourceTree = "<group>"; };
		E258585FF7FE89465D51E449 /* Pods-LoginSDKTests.debug.xcconfig */ = {isa = PBXFileReference; includeInIndex = 1; lastKnownFileType = text.xcconfig; name = "Pods-LoginSDKTests.debug.xcconfig"; path = "Target Support Files/Pods-LoginSDKTests/Pods-LoginSDKTests.debug.xcconfig"; sourceTree = "<group>"; };
		FA0D1C4524519FC2004B3C76 /* EAccountOpenPage.bundle */ = {isa = PBXFileReference; lastKnownFileType = "wrapper.plug-in"; path = EAccountOpenPage.bundle; sourceTree = "<group>"; };
		FA8E13EE239906E00032CB94 /* CosmosRequestMobile.h */ = {isa = PBXFileReference; fileEncoding = 4; lastKnownFileType = sourcecode.c.h; path = CosmosRequestMobile.h; sourceTree = "<group>"; };
		FA8E13EF239906E00032CB94 /* CosmosRequestMobile.m */ = {isa = PBXFileReference; fileEncoding = 4; lastKnownFileType = sourcecode.c.objc; path = CosmosRequestMobile.m; sourceTree = "<group>"; };
		FAC19C71235DBD430052F2E2 /* 一键登录.app */ = {isa = PBXFileReference; explicitFileType = wrapper.application; includeInIndex = 0; path = "一键登录.app"; sourceTree = BUILT_PRODUCTS_DIR; };
		FAC19C74235DBD430052F2E2 /* AppDelegate.h */ = {isa = PBXFileReference; lastKnownFileType = sourcecode.c.h; path = AppDelegate.h; sourceTree = "<group>"; };
		FAC19C75235DBD430052F2E2 /* AppDelegate.m */ = {isa = PBXFileReference; lastKnownFileType = sourcecode.c.objc; path = AppDelegate.m; sourceTree = "<group>"; };
		FAC19C77235DBD430052F2E2 /* SceneDelegate.h */ = {isa = PBXFileReference; lastKnownFileType = sourcecode.c.h; path = SceneDelegate.h; sourceTree = "<group>"; };
		FAC19C78235DBD430052F2E2 /* SceneDelegate.m */ = {isa = PBXFileReference; lastKnownFileType = sourcecode.c.objc; path = SceneDelegate.m; sourceTree = "<group>"; };
		FAC19C7A235DBD430052F2E2 /* ViewController.h */ = {isa = PBXFileReference; lastKnownFileType = sourcecode.c.h; path = ViewController.h; sourceTree = "<group>"; };
		FAC19C7B235DBD430052F2E2 /* ViewController.m */ = {isa = PBXFileReference; lastKnownFileType = sourcecode.c.objc; path = ViewController.m; sourceTree = "<group>"; };
		FAC19C7E235DBD430052F2E2 /* Base */ = {isa = PBXFileReference; lastKnownFileType = file.storyboard; name = Base; path = Base.lproj/Main.storyboard; sourceTree = "<group>"; };
		FAC19C80235DBD440052F2E2 /* Assets.xcassets */ = {isa = PBXFileReference; lastKnownFileType = folder.assetcatalog; path = Assets.xcassets; sourceTree = "<group>"; };
		FAC19C83235DBD440052F2E2 /* Base */ = {isa = PBXFileReference; lastKnownFileType = file.storyboard; name = Base; path = Base.lproj/LaunchScreen.storyboard; sourceTree = "<group>"; };
		FAC19C85235DBD440052F2E2 /* Info.plist */ = {isa = PBXFileReference; lastKnownFileType = text.plist.xml; path = Info.plist; sourceTree = "<group>"; };
		FAC19C86235DBD440052F2E2 /* main.m */ = {isa = PBXFileReference; lastKnownFileType = sourcecode.c.objc; path = main.m; sourceTree = "<group>"; };
		FAC19C8C235DBD440052F2E2 /* LoginSDKTests.xctest */ = {isa = PBXFileReference; explicitFileType = wrapper.cfbundle; includeInIndex = 0; path = LoginSDKTests.xctest; sourceTree = BUILT_PRODUCTS_DIR; };
		FAC19C90235DBD440052F2E2 /* LoginSDKTests.m */ = {isa = PBXFileReference; lastKnownFileType = sourcecode.c.objc; path = LoginSDKTests.m; sourceTree = "<group>"; };
		FAC19C92235DBD440052F2E2 /* Info.plist */ = {isa = PBXFileReference; lastKnownFileType = text.plist.xml; path = Info.plist; sourceTree = "<group>"; };
		FAC19C97235DBD440052F2E2 /* LoginSDKUITests.xctest */ = {isa = PBXFileReference; explicitFileType = wrapper.cfbundle; includeInIndex = 0; path = LoginSDKUITests.xctest; sourceTree = BUILT_PRODUCTS_DIR; };
		FAC19C9B235DBD440052F2E2 /* LoginSDKUITests.m */ = {isa = PBXFileReference; lastKnownFileType = sourcecode.c.objc; path = LoginSDKUITests.m; sourceTree = "<group>"; };
		FAC19C9D235DBD440052F2E2 /* Info.plist */ = {isa = PBXFileReference; lastKnownFileType = text.plist.xml; path = Info.plist; sourceTree = "<group>"; };
		FAC19D002366CEF80052F2E2 /* OperatorAdapter.h */ = {isa = PBXFileReference; lastKnownFileType = sourcecode.c.h; path = OperatorAdapter.h; sourceTree = "<group>"; };
		FAC19D012366CEF80052F2E2 /* OperatorAdapter.m */ = {isa = PBXFileReference; lastKnownFileType = sourcecode.c.objc; path = OperatorAdapter.m; sourceTree = "<group>"; };
		FAC19D102367D6380052F2E2 /* libc++.tbd */ = {isa = PBXFileReference; lastKnownFileType = "sourcecode.text-based-dylib-definition"; name = "libc++.tbd"; path = "usr/lib/libc++.tbd"; sourceTree = SDKROOT; };
		FAC19D122367D6420052F2E2 /* libz.1.2.8.tbd */ = {isa = PBXFileReference; lastKnownFileType = "sourcecode.text-based-dylib-definition"; name = libz.1.2.8.tbd; path = usr/lib/libz.1.2.8.tbd; sourceTree = SDKROOT; };
		FAE16A4B2389302C00B553C8 /* LoginResultVC.h */ = {isa = PBXFileReference; lastKnownFileType = sourcecode.c.h; path = LoginResultVC.h; sourceTree = "<group>"; };
		FAE16A4C2389302C00B553C8 /* LoginResultVC.m */ = {isa = PBXFileReference; lastKnownFileType = sourcecode.c.objc; path = LoginResultVC.m; sourceTree = "<group>"; };
		FAE16A4E2389323700B553C8 /* macros.h */ = {isa = PBXFileReference; lastKnownFileType = sourcecode.c.h; path = macros.h; sourceTree = "<group>"; };
		FAE16AA3238BDA3B00B553C8 /* UIImage+CosmosExtension.h */ = {isa = PBXFileReference; fileEncoding = 4; lastKnownFileType = sourcecode.c.h; path = "UIImage+CosmosExtension.h"; sourceTree = "<group>"; };
		FAE16AA4238BDA3B00B553C8 /* UIImage+CosmosExtension.m */ = {isa = PBXFileReference; fileEncoding = 4; lastKnownFileType = sourcecode.c.objc; path = "UIImage+CosmosExtension.m"; sourceTree = "<group>"; };
		FAE16AA6238BE47700B553C8 /* VerificationVC.h */ = {isa = PBXFileReference; lastKnownFileType = sourcecode.c.h; path = VerificationVC.h; sourceTree = "<group>"; };
		FAE16AA7238BE47700B553C8 /* VerificationVC.m */ = {isa = PBXFileReference; lastKnownFileType = sourcecode.c.objc; path = VerificationVC.m; sourceTree = "<group>"; };
		FAE16AA8238BE47700B553C8 /* VerificationVC.xib */ = {isa = PBXFileReference; lastKnownFileType = file.xib; path = VerificationVC.xib; sourceTree = "<group>"; };
/* End PBXFileReference section */

/* Begin PBXFrameworksBuildPhase section */
		FAC19C6E235DBD430052F2E2 /* Frameworks */ = {
			isa = PBXFrameworksBuildPhase;
			buildActionMask = 2147483647;
			files = (
				FAC19D132367D6420052F2E2 /* libz.1.2.8.tbd in Frameworks */,
				FAC19D112367D6380052F2E2 /* libc++.tbd in Frameworks */,
				0F3F156812D23A1E1FC9D9B2 /* Pods_LoginSDK.framework in Frameworks */,
			);
			runOnlyForDeploymentPostprocessing = 0;
		};
		FAC19C89235DBD440052F2E2 /* Frameworks */ = {
			isa = PBXFrameworksBuildPhase;
			buildActionMask = 2147483647;
			files = (
				AC0E4A99FA434A52DA4C0A25 /* Pods_LoginSDKTests.framework in Frameworks */,
			);
			runOnlyForDeploymentPostprocessing = 0;
		};
		FAC19C94235DBD440052F2E2 /* Frameworks */ = {
			isa = PBXFrameworksBuildPhase;
			buildActionMask = 2147483647;
			files = (
				FA2A1D234B0FC839475713AB /* Pods_LoginSDKUITests.framework in Frameworks */,
			);
			runOnlyForDeploymentPostprocessing = 0;
		};
/* End PBXFrameworksBuildPhase section */

/* Begin PBXGroup section */
		DC02C062E2D8E33CD3E153E9 /* Pods */ = {
			isa = PBXGroup;
			children = (
				938125FE3A8D54EEA538D47B /* Pods-LoginSDK.debug.xcconfig */,
				1800F99A1BE6882BA9D389A1 /* Pods-LoginSDK.release.xcconfig */,
				E258585FF7FE89465D51E449 /* Pods-LoginSDKTests.debug.xcconfig */,
				56E1A748528FA9971C748CA2 /* Pods-LoginSDKTests.release.xcconfig */,
				82BBD08C0656FC3D9997A055 /* Pods-LoginSDKUITests.debug.xcconfig */,
				927D310C5A8D3DDD2707744C /* Pods-LoginSDKUITests.release.xcconfig */,
			);
			path = Pods;
			sourceTree = "<group>";
		};
		FAC19C68235DBD430052F2E2 = {
			isa = PBXGroup;
			children = (
				FAC19C73235DBD430052F2E2 /* LoginSDK */,
				FAC19C8F235DBD440052F2E2 /* LoginSDKTests */,
				FAC19C9A235DBD440052F2E2 /* LoginSDKUITests */,
				FAC19C72235DBD430052F2E2 /* Products */,
				FAC19D0F2367D6370052F2E2 /* Frameworks */,
				DC02C062E2D8E33CD3E153E9 /* Pods */,
			);
			sourceTree = "<group>";
		};
		FAC19C72235DBD430052F2E2 /* Products */ = {
			isa = PBXGroup;
			children = (
				FAC19C71235DBD430052F2E2 /* 一键登录.app */,
				FAC19C8C235DBD440052F2E2 /* LoginSDKTests.xctest */,
				FAC19C97235DBD440052F2E2 /* LoginSDKUITests.xctest */,
			);
			name = Products;
			sourceTree = "<group>";
		};
		FAC19C73235DBD430052F2E2 /* LoginSDK */ = {
			isa = PBXGroup;
			children = (
				FA0D1C4524519FC2004B3C76 /* EAccountOpenPage.bundle */,
				FA8E13EE239906E00032CB94 /* CosmosRequestMobile.h */,
				FA8E13EF239906E00032CB94 /* CosmosRequestMobile.m */,
				FAE16AA3238BDA3B00B553C8 /* UIImage+CosmosExtension.h */,
				FAE16AA4238BDA3B00B553C8 /* UIImage+CosmosExtension.m */,
				FAC19C74235DBD430052F2E2 /* AppDelegate.h */,
				FAC19C75235DBD430052F2E2 /* AppDelegate.m */,
				FAC19C77235DBD430052F2E2 /* SceneDelegate.h */,
				FAC19C78235DBD430052F2E2 /* SceneDelegate.m */,
				FAC19C7A235DBD430052F2E2 /* ViewController.h */,
				FAC19C7B235DBD430052F2E2 /* ViewController.m */,
				FAE16A4B2389302C00B553C8 /* LoginResultVC.h */,
				FAE16A4C2389302C00B553C8 /* LoginResultVC.m */,
				FAC19D002366CEF80052F2E2 /* OperatorAdapter.h */,
				FAC19D012366CEF80052F2E2 /* OperatorAdapter.m */,
				FAE16AA6238BE47700B553C8 /* VerificationVC.h */,
				FAE16AA7238BE47700B553C8 /* VerificationVC.m */,
				FAE16AA8238BE47700B553C8 /* VerificationVC.xib */,
				FAE16A4E2389323700B553C8 /* macros.h */,
				FAC19C7D235DBD430052F2E2 /* Main.storyboard */,
				FAC19C80235DBD440052F2E2 /* Assets.xcassets */,
				FAC19C82235DBD440052F2E2 /* LaunchScreen.storyboard */,
				FAC19C85235DBD440052F2E2 /* Info.plist */,
				FAC19C86235DBD440052F2E2 /* main.m */,
			);
			path = LoginSDK;
			sourceTree = "<group>";
		};
		FAC19C8F235DBD440052F2E2 /* LoginSDKTests */ = {
			isa = PBXGroup;
			children = (
				FAC19C90235DBD440052F2E2 /* LoginSDKTests.m */,
				FAC19C92235DBD440052F2E2 /* Info.plist */,
			);
			path = LoginSDKTests;
			sourceTree = "<group>";
		};
		FAC19C9A235DBD440052F2E2 /* LoginSDKUITests */ = {
			isa = PBXGroup;
			children = (
				FAC19C9B235DBD440052F2E2 /* LoginSDKUITests.m */,
				FAC19C9D235DBD440052F2E2 /* Info.plist */,
			);
			path = LoginSDKUITests;
			sourceTree = "<group>";
		};
		FAC19D0F2367D6370052F2E2 /* Frameworks */ = {
			isa = PBXGroup;
			children = (
				FAC19D122367D6420052F2E2 /* libz.1.2.8.tbd */,
				FAC19D102367D6380052F2E2 /* libc++.tbd */,
				036AA46BC70CFE04EE445834 /* Pods_LoginSDK.framework */,
				221B8E9565A31DCDF31CD939 /* Pods_LoginSDKTests.framework */,
				55693BA15BCE3EE4BB32A55E /* Pods_LoginSDKUITests.framework */,
			);
			name = Frameworks;
			sourceTree = "<group>";
		};
/* End PBXGroup section */

/* Begin PBXNativeTarget section */
		FAC19C70235DBD430052F2E2 /* LoginSDK */ = {
			isa = PBXNativeTarget;
			buildConfigurationList = FAC19CA0235DBD440052F2E2 /* Build configuration list for PBXNativeTarget "LoginSDK" */;
			buildPhases = (
				35581FAE445E5CC0F82BADAB /* [CP] Check Pods Manifest.lock */,
				FAC19C6D235DBD430052F2E2 /* Sources */,
				FAC19C6E235DBD430052F2E2 /* Frameworks */,
				FAC19C6F235DBD430052F2E2 /* Resources */,
				3956F1207E6B3B1A15470E37 /* [CP] Copy Pods Resources */,
			);
			buildRules = (
			);
			dependencies = (
			);
			name = LoginSDK;
			productName = LoginSDK;
			productReference = FAC19C71235DBD430052F2E2 /* 一键登录.app */;
			productType = "com.apple.product-type.application";
		};
		FAC19C8B235DBD440052F2E2 /* LoginSDKTests */ = {
			isa = PBXNativeTarget;
			buildConfigurationList = FAC19CA3235DBD440052F2E2 /* Build configuration list for PBXNativeTarget "LoginSDKTests" */;
			buildPhases = (
				3F007350C9DFD36F0DBC2C04 /* [CP] Check Pods Manifest.lock */,
				FAC19C88235DBD440052F2E2 /* Sources */,
				FAC19C89235DBD440052F2E2 /* Frameworks */,
				FAC19C8A235DBD440052F2E2 /* Resources */,
			);
			buildRules = (
			);
			dependencies = (
				FAC19C8E235DBD440052F2E2 /* PBXTargetDependency */,
			);
			name = LoginSDKTests;
			productName = LoginSDKTests;
			productReference = FAC19C8C235DBD440052F2E2 /* LoginSDKTests.xctest */;
			productType = "com.apple.product-type.bundle.unit-test";
		};
		FAC19C96235DBD440052F2E2 /* LoginSDKUITests */ = {
			isa = PBXNativeTarget;
			buildConfigurationList = FAC19CA6235DBD440052F2E2 /* Build configuration list for PBXNativeTarget "LoginSDKUITests" */;
			buildPhases = (
				2B28224775D341D132FDC0FA /* [CP] Check Pods Manifest.lock */,
				FAC19C93235DBD440052F2E2 /* Sources */,
				FAC19C94235DBD440052F2E2 /* Frameworks */,
				FAC19C95235DBD440052F2E2 /* Resources */,
			);
			buildRules = (
			);
			dependencies = (
				FAC19C99235DBD440052F2E2 /* PBXTargetDependency */,
			);
			name = LoginSDKUITests;
			productName = LoginSDKUITests;
			productReference = FAC19C97235DBD440052F2E2 /* LoginSDKUITests.xctest */;
			productType = "com.apple.product-type.bundle.ui-testing";
		};
/* End PBXNativeTarget section */

/* Begin PBXProject section */
		FAC19C69235DBD430052F2E2 /* Project object */ = {
			isa = PBXProject;
			attributes = {
				LastUpgradeCheck = 1110;
				ORGANIZATIONNAME = MOMO;
				TargetAttributes = {
					FAC19C70235DBD430052F2E2 = {
						CreatedOnToolsVersion = 11.1;
					};
					FAC19C8B235DBD440052F2E2 = {
						CreatedOnToolsVersion = 11.1;
						TestTargetID = FAC19C70235DBD430052F2E2;
					};
					FAC19C96235DBD440052F2E2 = {
						CreatedOnToolsVersion = 11.1;
						TestTargetID = FAC19C70235DBD430052F2E2;
					};
				};
			};
			buildConfigurationList = FAC19C6C235DBD430052F2E2 /* Build configuration list for PBXProject "LoginSDK" */;
			compatibilityVersion = "Xcode 9.3";
			developmentRegion = en;
			hasScannedForEncodings = 0;
			knownRegions = (
				en,
				Base,
			);
			mainGroup = FAC19C68235DBD430052F2E2;
			productRefGroup = FAC19C72235DBD430052F2E2 /* Products */;
			projectDirPath = "";
			projectRoot = "";
			targets = (
				FAC19C70235DBD430052F2E2 /* LoginSDK */,
				FAC19C8B235DBD440052F2E2 /* LoginSDKTests */,
				FAC19C96235DBD440052F2E2 /* LoginSDKUITests */,
			);
		};
/* End PBXProject section */

/* Begin PBXResourcesBuildPhase section */
		FAC19C6F235DBD430052F2E2 /* Resources */ = {
			isa = PBXResourcesBuildPhase;
			buildActionMask = 2147483647;
			files = (
				FAC19C84235DBD440052F2E2 /* LaunchScreen.storyboard in Resources */,
				FAC19C81235DBD440052F2E2 /* Assets.xcassets in Resources */,
				FA0D1C4624519FC2004B3C76 /* EAccountOpenPage.bundle in Resources */,
				FAC19C7F235DBD430052F2E2 /* Main.storyboard in Resources */,
				FAE16AAA238BE47700B553C8 /* VerificationVC.xib in Resources */,
			);
			runOnlyForDeploymentPostprocessing = 0;
		};
		FAC19C8A235DBD440052F2E2 /* Resources */ = {
			isa = PBXResourcesBuildPhase;
			buildActionMask = 2147483647;
			files = (
			);
			runOnlyForDeploymentPostprocessing = 0;
		};
		FAC19C95235DBD440052F2E2 /* Resources */ = {
			isa = PBXResourcesBuildPhase;
			buildActionMask = 2147483647;
			files = (
			);
			runOnlyForDeploymentPostprocessing = 0;
		};
/* End PBXResourcesBuildPhase section */

/* Begin PBXShellScriptBuildPhase section */
		2B28224775D341D132FDC0FA /* [CP] Check Pods Manifest.lock */ = {
			isa = PBXShellScriptBuildPhase;
			buildActionMask = 2147483647;
			files = (
			);
			inputFileListPaths = (
			);
			inputPaths = (
				"${PODS_PODFILE_DIR_PATH}/Podfile.lock",
				"${PODS_ROOT}/Manifest.lock",
			);
			name = "[CP] Check Pods Manifest.lock";
			outputFileListPaths = (
			);
			outputPaths = (
				"$(DERIVED_FILE_DIR)/Pods-LoginSDKUITests-checkManifestLockResult.txt",
			);
			runOnlyForDeploymentPostprocessing = 0;
			shellPath = /bin/sh;
			shellScript = "diff \"${PODS_PODFILE_DIR_PATH}/Podfile.lock\" \"${PODS_ROOT}/Manifest.lock\" > /dev/null\nif [ $? != 0 ] ; then\n    # print error to STDERR\n    echo \"error: The sandbox is not in sync with the Podfile.lock. Run 'pod install' or update your CocoaPods installation.\" >&2\n    exit 1\nfi\n# This output is used by Xcode 'outputs' to avoid re-running this script phase.\necho \"SUCCESS\" > \"${SCRIPT_OUTPUT_FILE_0}\"\n";
			showEnvVarsInLog = 0;
		};
		35581FAE445E5CC0F82BADAB /* [CP] Check Pods Manifest.lock */ = {
			isa = PBXShellScriptBuildPhase;
			buildActionMask = 2147483647;
			files = (
			);
			inputFileListPaths = (
			);
			inputPaths = (
				"${PODS_PODFILE_DIR_PATH}/Podfile.lock",
				"${PODS_ROOT}/Manifest.lock",
			);
			name = "[CP] Check Pods Manifest.lock";
			outputFileListPaths = (
			);
			outputPaths = (
				"$(DERIVED_FILE_DIR)/Pods-LoginSDK-checkManifestLockResult.txt",
			);
			runOnlyForDeploymentPostprocessing = 0;
			shellPath = /bin/sh;
			shellScript = "diff \"${PODS_PODFILE_DIR_PATH}/Podfile.lock\" \"${PODS_ROOT}/Manifest.lock\" > /dev/null\nif [ $? != 0 ] ; then\n    # print error to STDERR\n    echo \"error: The sandbox is not in sync with the Podfile.lock. Run 'pod install' or update your CocoaPods installation.\" >&2\n    exit 1\nfi\n# This output is used by Xcode 'outputs' to avoid re-running this script phase.\necho \"SUCCESS\" > \"${SCRIPT_OUTPUT_FILE_0}\"\n";
			showEnvVarsInLog = 0;
		};
		3956F1207E6B3B1A15470E37 /* [CP] Copy Pods Resources */ = {
			isa = PBXShellScriptBuildPhase;
			buildActionMask = 2147483647;
			files = (
			);
			inputFileListPaths = (
				"${PODS_ROOT}/Target Support Files/Pods-LoginSDK/Pods-LoginSDK-resources-${CONFIGURATION}-input-files.xcfilelist",
			);
			name = "[CP] Copy Pods Resources";
			outputFileListPaths = (
				"${PODS_ROOT}/Target Support Files/Pods-LoginSDK/Pods-LoginSDK-resources-${CONFIGURATION}-output-files.xcfilelist",
			);
			runOnlyForDeploymentPostprocessing = 0;
			shellPath = /bin/sh;
			shellScript = "\"${PODS_ROOT}/Target Support Files/Pods-LoginSDK/Pods-LoginSDK-resources.sh\"\n";
			showEnvVarsInLog = 0;
		};
		3F007350C9DFD36F0DBC2C04 /* [CP] Check Pods Manifest.lock */ = {
			isa = PBXShellScriptBuildPhase;
			buildActionMask = 2147483647;
			files = (
			);
			inputFileListPaths = (
			);
			inputPaths = (
				"${PODS_PODFILE_DIR_PATH}/Podfile.lock",
				"${PODS_ROOT}/Manifest.lock",
			);
			name = "[CP] Check Pods Manifest.lock";
			outputFileListPaths = (
			);
			outputPaths = (
				"$(DERIVED_FILE_DIR)/Pods-LoginSDKTests-checkManifestLockResult.txt",
			);
			runOnlyForDeploymentPostprocessing = 0;
			shellPath = /bin/sh;
			shellScript = "diff \"${PODS_PODFILE_DIR_PATH}/Podfile.lock\" \"${PODS_ROOT}/Manifest.lock\" > /dev/null\nif [ $? != 0 ] ; then\n    # print error to STDERR\n    echo \"error: The sandbox is not in sync with the Podfile.lock. Run 'pod install' or update your CocoaPods installation.\" >&2\n    exit 1\nfi\n# This output is used by Xcode 'outputs' to avoid re-running this script phase.\necho \"SUCCESS\" > \"${SCRIPT_OUTPUT_FILE_0}\"\n";
			showEnvVarsInLog = 0;
		};
/* End PBXShellScriptBuildPhase section */

/* Begin PBXSourcesBuildPhase section */
		FAC19C6D235DBD430052F2E2 /* Sources */ = {
			isa = PBXSourcesBuildPhase;
			buildActionMask = 2147483647;
			files = (
				FAC19D022366CEF80052F2E2 /* OperatorAdapter.m in Sources */,
				FAE16A4D2389302C00B553C8 /* LoginResultVC.m in Sources */,
				FAE16AA5238BDA3C00B553C8 /* UIImage+CosmosExtension.m in Sources */,
				FAC19C7C235DBD430052F2E2 /* ViewController.m in Sources */,
				FAC19C76235DBD430052F2E2 /* AppDelegate.m in Sources */,
				FAC19C87235DBD440052F2E2 /* main.m in Sources */,
				FAC19C79235DBD430052F2E2 /* SceneDelegate.m in Sources */,
				FAE16AA9238BE47700B553C8 /* VerificationVC.m in Sources */,
				FA8E13F0239906E00032CB94 /* CosmosRequestMobile.m in Sources */,
			);
			runOnlyForDeploymentPostprocessing = 0;
		};
		FAC19C88235DBD440052F2E2 /* Sources */ = {
			isa = PBXSourcesBuildPhase;
			buildActionMask = 2147483647;
			files = (
				FAC19C91235DBD440052F2E2 /* LoginSDKTests.m in Sources */,
			);
			runOnlyForDeploymentPostprocessing = 0;
		};
		FAC19C93235DBD440052F2E2 /* Sources */ = {
			isa = PBXSourcesBuildPhase;
			buildActionMask = 2147483647;
			files = (
				FAC19C9C235DBD440052F2E2 /* LoginSDKUITests.m in Sources */,
			);
			runOnlyForDeploymentPostprocessing = 0;
		};
/* End PBXSourcesBuildPhase section */

/* Begin PBXTargetDependency section */
		FAC19C8E235DBD440052F2E2 /* PBXTargetDependency */ = {
			isa = PBXTargetDependency;
			target = FAC19C70235DBD430052F2E2 /* LoginSDK */;
			targetProxy = FAC19C8D235DBD440052F2E2 /* PBXContainerItemProxy */;
		};
		FAC19C99235DBD440052F2E2 /* PBXTargetDependency */ = {
			isa = PBXTargetDependency;
			target = FAC19C70235DBD430052F2E2 /* LoginSDK */;
			targetProxy = FAC19C98235DBD440052F2E2 /* PBXContainerItemProxy */;
		};
/* End PBXTargetDependency section */

/* Begin PBXVariantGroup section */
		FAC19C7D235DBD430052F2E2 /* Main.storyboard */ = {
			isa = PBXVariantGroup;
			children = (
				FAC19C7E235DBD430052F2E2 /* Base */,
			);
			name = Main.storyboard;
			sourceTree = "<group>";
		};
		FAC19C82235DBD440052F2E2 /* LaunchScreen.storyboard */ = {
			isa = PBXVariantGroup;
			children = (
				FAC19C83235DBD440052F2E2 /* Base */,
			);
			name = LaunchScreen.storyboard;
			sourceTree = "<group>";
		};
/* End PBXVariantGroup section */

/* Begin XCBuildConfiguration section */
		FAC19C9E235DBD440052F2E2 /* Debug */ = {
			isa = XCBuildConfiguration;
			buildSettings = {
				ALWAYS_SEARCH_USER_PATHS = NO;
				CLANG_ANALYZER_NONNULL = YES;
				CLANG_ANALYZER_NUMBER_OBJECT_CONVERSION = YES_AGGRESSIVE;
				CLANG_CXX_LANGUAGE_STANDARD = "gnu++14";
				CLANG_CXX_LIBRARY = "libc++";
				CLANG_ENABLE_MODULES = YES;
				CLANG_ENABLE_OBJC_ARC = YES;
				CLANG_ENABLE_OBJC_WEAK = YES;
				CLANG_WARN_BLOCK_CAPTURE_AUTORELEASING = YES;
				CLANG_WARN_BOOL_CONVERSION = YES;
				CLANG_WARN_COMMA = YES;
				CLANG_WARN_CONSTANT_CONVERSION = YES;
				CLANG_WARN_DEPRECATED_OBJC_IMPLEMENTATIONS = YES;
				CLANG_WARN_DIRECT_OBJC_ISA_USAGE = YES_ERROR;
				CLANG_WARN_DOCUMENTATION_COMMENTS = YES;
				CLANG_WARN_EMPTY_BODY = YES;
				CLANG_WARN_ENUM_CONVERSION = YES;
				CLANG_WARN_INFINITE_RECURSION = YES;
				CLANG_WARN_INT_CONVERSION = YES;
				CLANG_WARN_NON_LITERAL_NULL_CONVERSION = YES;
				CLANG_WARN_OBJC_IMPLICIT_RETAIN_SELF = YES;
				CLANG_WARN_OBJC_LITERAL_CONVERSION = YES;
				CLANG_WARN_OBJC_ROOT_CLASS = YES_ERROR;
				CLANG_WARN_RANGE_LOOP_ANALYSIS = YES;
				CLANG_WARN_STRICT_PROTOTYPES = YES;
				CLANG_WARN_SUSPICIOUS_MOVE = YES;
				CLANG_WARN_UNGUARDED_AVAILABILITY = YES_AGGRESSIVE;
				CLANG_WARN_UNREACHABLE_CODE = YES;
				CLANG_WARN__DUPLICATE_METHOD_MATCH = YES;
				COPY_PHASE_STRIP = NO;
				DEBUG_INFORMATION_FORMAT = dwarf;
				ENABLE_STRICT_OBJC_MSGSEND = YES;
				ENABLE_TESTABILITY = YES;
				GCC_C_LANGUAGE_STANDARD = gnu11;
				GCC_DYNAMIC_NO_PIC = NO;
				GCC_NO_COMMON_BLOCKS = YES;
				GCC_OPTIMIZATION_LEVEL = 0;
				GCC_PREPROCESSOR_DEFINITIONS = (
					"DEBUG=1",
					"$(inherited)",
				);
				GCC_WARN_64_TO_32_BIT_CONVERSION = YES;
				GCC_WARN_ABOUT_RETURN_TYPE = YES_ERROR;
				GCC_WARN_UNDECLARED_SELECTOR = YES;
				GCC_WARN_UNINITIALIZED_AUTOS = YES_AGGRESSIVE;
				GCC_WARN_UNUSED_FUNCTION = YES;
				GCC_WARN_UNUSED_VARIABLE = YES;
				IPHONEOS_DEPLOYMENT_TARGET = 13.1;
				MTL_ENABLE_DEBUG_INFO = INCLUDE_SOURCE;
				MTL_FAST_MATH = YES;
				ONLY_ACTIVE_ARCH = YES;
				SDKROOT = iphoneos;
			};
			name = Debug;
		};
		FAC19C9F235DBD440052F2E2 /* Release */ = {
			isa = XCBuildConfiguration;
			buildSettings = {
				ALWAYS_SEARCH_USER_PATHS = NO;
				CLANG_ANALYZER_NONNULL = YES;
				CLANG_ANALYZER_NUMBER_OBJECT_CONVERSION = YES_AGGRESSIVE;
				CLANG_CXX_LANGUAGE_STANDARD = "gnu++14";
				CLANG_CXX_LIBRARY = "libc++";
				CLANG_ENABLE_MODULES = YES;
				CLANG_ENABLE_OBJC_ARC = YES;
				CLANG_ENABLE_OBJC_WEAK = YES;
				CLANG_WARN_BLOCK_CAPTURE_AUTORELEASING = YES;
				CLANG_WARN_BOOL_CONVERSION = YES;
				CLANG_WARN_COMMA = YES;
				CLANG_WARN_CONSTANT_CONVERSION = YES;
				CLANG_WARN_DEPRECATED_OBJC_IMPLEMENTATIONS = YES;
				CLANG_WARN_DIRECT_OBJC_ISA_USAGE = YES_ERROR;
				CLANG_WARN_DOCUMENTATION_COMMENTS = YES;
				CLANG_WARN_EMPTY_BODY = YES;
				CLANG_WARN_ENUM_CONVERSION = YES;
				CLANG_WARN_INFINITE_RECURSION = YES;
				CLANG_WARN_INT_CONVERSION = YES;
				CLANG_WARN_NON_LITERAL_NULL_CONVERSION = YES;
				CLANG_WARN_OBJC_IMPLICIT_RETAIN_SELF = YES;
				CLANG_WARN_OBJC_LITERAL_CONVERSION = YES;
				CLANG_WARN_OBJC_ROOT_CLASS = YES_ERROR;
				CLANG_WARN_RANGE_LOOP_ANALYSIS = YES;
				CLANG_WARN_STRICT_PROTOTYPES = YES;
				CLANG_WARN_SUSPICIOUS_MOVE = YES;
				CLANG_WARN_UNGUARDED_AVAILABILITY = YES_AGGRESSIVE;
				CLANG_WARN_UNREACHABLE_CODE = YES;
				CLANG_WARN__DUPLICATE_METHOD_MATCH = YES;
				COPY_PHASE_STRIP = NO;
				DEBUG_INFORMATION_FORMAT = "dwarf-with-dsym";
				ENABLE_NS_ASSERTIONS = NO;
				ENABLE_STRICT_OBJC_MSGSEND = YES;
				GCC_C_LANGUAGE_STANDARD = gnu11;
				GCC_NO_COMMON_BLOCKS = YES;
				GCC_WARN_64_TO_32_BIT_CONVERSION = YES;
				GCC_WARN_ABOUT_RETURN_TYPE = YES_ERROR;
				GCC_WARN_UNDECLARED_SELECTOR = YES;
				GCC_WARN_UNINITIALIZED_AUTOS = YES_AGGRESSIVE;
				GCC_WARN_UNUSED_FUNCTION = YES;
				GCC_WARN_UNUSED_VARIABLE = YES;
				IPHONEOS_DEPLOYMENT_TARGET = 13.1;
				MTL_ENABLE_DEBUG_INFO = NO;
				MTL_FAST_MATH = YES;
				SDKROOT = iphoneos;
				VALIDATE_PRODUCT = YES;
			};
			name = Release;
		};
		FAC19CA1235DBD440052F2E2 /* Debug */ = {
			isa = XCBuildConfiguration;
			baseConfigurationReference = 938125FE3A8D54EEA538D47B /* Pods-LoginSDK.debug.xcconfig */;
			buildSettings = {
				ASSETCATALOG_COMPILER_APPICON_NAME = AppIcon;
				CODE_SIGN_IDENTITY = "Apple Development";
				CODE_SIGN_STYLE = Automatic;
				CURRENT_PROJECT_VERSION = 1.1;
				DEVELOPMENT_TEAM = 2U88MH2FP4;
				ENABLE_BITCODE = NO;
				FRAMEWORK_SEARCH_PATHS = (
					"$(inherited)",
					"$(PROJECT_DIR)/移动",
					"$(PROJECT_DIR)/联通",
					"$(PROJECT_DIR)/电信",
				);
				INFOPLIST_FILE = LoginSDK/Info.plist;
				IPHONEOS_DEPLOYMENT_TARGET = 9.0;
				LD_RUNPATH_SEARCH_PATHS = (
					"$(inherited)",
					"@executable_path/Frameworks",
				);
				OTHER_LDFLAGS = (
					"-ObjC",
					"-lstdc++",
					"$(inherited)",
				);
				PRODUCT_BUNDLE_IDENTIFIER = com.wemomo.cosmostest;
				PRODUCT_NAME = "一键登录";
				PROVISIONING_PROFILE_SPECIFIER = "";
				TARGETED_DEVICE_FAMILY = "1,2";
			};
			name = Debug;
		};
		FAC19CA2235DBD440052F2E2 /* Release */ = {
			isa = XCBuildConfiguration;
			baseConfigurationReference = 1800F99A1BE6882BA9D389A1 /* Pods-LoginSDK.release.xcconfig */;
			buildSettings = {
				ASSETCATALOG_COMPILER_APPICON_NAME = AppIcon;
				CODE_SIGN_IDENTITY = "Apple Development";
				CODE_SIGN_STYLE = Automatic;
				CURRENT_PROJECT_VERSION = 1.1;
				DEVELOPMENT_TEAM = 2U88MH2FP4;
				ENABLE_BITCODE = NO;
				FRAMEWORK_SEARCH_PATHS = (
					"$(inherited)",
					"$(PROJECT_DIR)/移动",
					"$(PROJECT_DIR)/联通",
					"$(PROJECT_DIR)/电信",
				);
				INFOPLIST_FILE = LoginSDK/Info.plist;
				IPHONEOS_DEPLOYMENT_TARGET = 9.0;
				LD_RUNPATH_SEARCH_PATHS = (
					"$(inherited)",
					"@executable_path/Frameworks",
				);
				OTHER_LDFLAGS = (
					"-ObjC",
					"-lstdc++",
					"$(inherited)",
				);
				PRODUCT_BUNDLE_IDENTIFIER = com.wemomo.cosmostest;
				PRODUCT_NAME = "一键登录";
				PROVISIONING_PROFILE_SPECIFIER = "";
				TARGETED_DEVICE_FAMILY = "1,2";
			};
			name = Release;
		};
		FAC19CA4235DBD440052F2E2 /* Debug */ = {
			isa = XCBuildConfiguration;
			baseConfigurationReference = E258585FF7FE89465D51E449 /* Pods-LoginSDKTests.debug.xcconfig */;
			buildSettings = {
				BUNDLE_LOADER = "$(TEST_HOST)";
				CODE_SIGN_STYLE = Automatic;
				INFOPLIST_FILE = LoginSDKTests/Info.plist;
				IPHONEOS_DEPLOYMENT_TARGET = 13.1;
				LD_RUNPATH_SEARCH_PATHS = (
					"$(inherited)",
					"@executable_path/Frameworks",
					"@loader_path/Frameworks",
				);
				PRODUCT_BUNDLE_IDENTIFIER = com.xuefei.LoginSDKTests;
				PRODUCT_NAME = "$(TARGET_NAME)";
				TARGETED_DEVICE_FAMILY = "1,2";
				TEST_HOST = "$(BUILT_PRODUCTS_DIR)/LoginSDK.app/LoginSDK";
			};
			name = Debug;
		};
		FAC19CA5235DBD440052F2E2 /* Release */ = {
			isa = XCBuildConfiguration;
			baseConfigurationReference = 56E1A748528FA9971C748CA2 /* Pods-LoginSDKTests.release.xcconfig */;
			buildSettings = {
				BUNDLE_LOADER = "$(TEST_HOST)";
				CODE_SIGN_STYLE = Automatic;
				INFOPLIST_FILE = LoginSDKTests/Info.plist;
				IPHONEOS_DEPLOYMENT_TARGET = 13.1;
				LD_RUNPATH_SEARCH_PATHS = (
					"$(inherited)",
					"@executable_path/Frameworks",
					"@loader_path/Frameworks",
				);
				PRODUCT_BUNDLE_IDENTIFIER = com.xuefei.LoginSDKTests;
				PRODUCT_NAME = "$(TARGET_NAME)";
				TARGETED_DEVICE_FAMILY = "1,2";
				TEST_HOST = "$(BUILT_PRODUCTS_DIR)/LoginSDK.app/LoginSDK";
			};
			name = Release;
		};
		FAC19CA7235DBD440052F2E2 /* Debug */ = {
			isa = XCBuildConfiguration;
			baseConfigurationReference = 82BBD08C0656FC3D9997A055 /* Pods-LoginSDKUITests.debug.xcconfig */;
			buildSettings = {
				CODE_SIGN_STYLE = Automatic;
				INFOPLIST_FILE = LoginSDKUITests/Info.plist;
				LD_RUNPATH_SEARCH_PATHS = (
					"$(inherited)",
					"@executable_path/Frameworks",
					"@loader_path/Frameworks",
				);
				PRODUCT_BUNDLE_IDENTIFIER = com.xuefei.LoginSDKUITests;
				PRODUCT_NAME = "$(TARGET_NAME)";
				TARGETED_DEVICE_FAMILY = "1,2";
				TEST_TARGET_NAME = LoginSDK;
			};
			name = Debug;
		};
		FAC19CA8235DBD440052F2E2 /* Release */ = {
			isa = XCBuildConfiguration;
			baseConfigurationReference = 927D310C5A8D3DDD2707744C /* Pods-LoginSDKUITests.release.xcconfig */;
			buildSettings = {
				CODE_SIGN_STYLE = Automatic;
				INFOPLIST_FILE = LoginSDKUITests/Info.plist;
				LD_RUNPATH_SEARCH_PATHS = (
					"$(inherited)",
					"@executable_path/Frameworks",
					"@loader_path/Frameworks",
				);
				PRODUCT_BUNDLE_IDENTIFIER = com.xuefei.LoginSDKUITests;
				PRODUCT_NAME = "$(TARGET_NAME)";
				TARGETED_DEVICE_FAMILY = "1,2";
				TEST_TARGET_NAME = LoginSDK;
			};
			name = Release;
		};
/* End XCBuildConfiguration section */

/* Begin XCConfigurationList section */
		FAC19C6C235DBD430052F2E2 /* Build configuration list for PBXProject "LoginSDK" */ = {
			isa = XCConfigurationList;
			buildConfigurations = (
				FAC19C9E235DBD440052F2E2 /* Debug */,
				FAC19C9F235DBD440052F2E2 /* Release */,
			);
			defaultConfigurationIsVisible = 0;
			defaultConfigurationName = Release;
		};
		FAC19CA0235DBD440052F2E2 /* Build configuration list for PBXNativeTarget "LoginSDK" */ = {
			isa = XCConfigurationList;
			buildConfigurations = (
				FAC19CA1235DBD440052F2E2 /* Debug */,
				FAC19CA2235DBD440052F2E2 /* Release */,
			);
			defaultConfigurationIsVisible = 0;
			defaultConfigurationName = Release;
		};
		FAC19CA3235DBD440052F2E2 /* Build configuration list for PBXNativeTarget "LoginSDKTests" */ = {
			isa = XCConfigurationList;
			buildConfigurations = (
				FAC19CA4235DBD440052F2E2 /* Debug */,
				FAC19CA5235DBD440052F2E2 /* Release */,
			);
			defaultConfigurationIsVisible = 0;
			defaultConfigurationName = Release;
		};
		FAC19CA6235DBD440052F2E2 /* Build configuration list for PBXNativeTarget "LoginSDKUITests" */ = {
			isa = XCConfigurationList;
			buildConfigurations = (
				FAC19CA7235DBD440052F2E2 /* Debug */,
				FAC19CA8235DBD440052F2E2 /* Release */,
			);
			defaultConfigurationIsVisible = 0;
			defaultConfigurationName = Release;
		};
/* End XCConfigurationList section */
	};
	rootObject = FAC19C69235DBD430052F2E2 /* Project object */;
}
